// !$*UTF8*$!
{
	archiveVersion = 1;
	classes = {
	};
	objectVersion = 46;
	objects = {

/* Begin PBXBuildFile section */
		7202F561198B3E3B00A45421 /* DPRFileCollectionViewCell.m in Sources */ = {isa = PBXBuildFile; fileRef = 7202F560198B3E3B00A45421 /* DPRFileCollectionViewCell.m */; };
		7202F563198B54EA00A45421 /* DPRPrintSheet.xib in Resources */ = {isa = PBXBuildFile; fileRef = 7202F562198B54EA00A45421 /* DPRPrintSheet.xib */; };
		7202F746198B563A00A45421 /* AFHTTPRequestOperation.m in Sources */ = {isa = PBXBuildFile; fileRef = 7202F734198B563A00A45421 /* AFHTTPRequestOperation.m */; };
		7202F747198B563A00A45421 /* AFHTTPRequestOperationManager.m in Sources */ = {isa = PBXBuildFile; fileRef = 7202F736198B563A00A45421 /* AFHTTPRequestOperationManager.m */; };
		7202F748198B563A00A45421 /* AFHTTPSessionManager.m in Sources */ = {isa = PBXBuildFile; fileRef = 7202F738198B563A00A45421 /* AFHTTPSessionManager.m */; };
		7202F749198B563A00A45421 /* AFNetworkReachabilityManager.m in Sources */ = {isa = PBXBuildFile; fileRef = 7202F73B198B563A00A45421 /* AFNetworkReachabilityManager.m */; };
		7202F74A198B563A00A45421 /* AFSecurityPolicy.m in Sources */ = {isa = PBXBuildFile; fileRef = 7202F73D198B563A00A45421 /* AFSecurityPolicy.m */; };
		7202F74B198B563A00A45421 /* AFURLConnectionOperation.m in Sources */ = {isa = PBXBuildFile; fileRef = 7202F73F198B563A00A45421 /* AFURLConnectionOperation.m */; };
		7202F74C198B563A00A45421 /* AFURLRequestSerialization.m in Sources */ = {isa = PBXBuildFile; fileRef = 7202F741198B563A00A45421 /* AFURLRequestSerialization.m */; };
		7202F74D198B563A00A45421 /* AFURLResponseSerialization.m in Sources */ = {isa = PBXBuildFile; fileRef = 7202F743198B563A00A45421 /* AFURLResponseSerialization.m */; };
		7202F74E198B563A00A45421 /* AFURLSessionManager.m in Sources */ = {isa = PBXBuildFile; fileRef = 7202F745198B563A00A45421 /* AFURLSessionManager.m */; };
		720300B9198DFA45004ED72D /* FXBlurView.m in Sources */ = {isa = PBXBuildFile; fileRef = 720300B8198DFA45004ED72D /* FXBlurView.m */; };
		720300DA198DFAF4004ED72D /* slider-default-handle-highlighted.png in Resources */ = {isa = PBXBuildFile; fileRef = 720300BC198DFAF3004ED72D /* slider-default-handle-highlighted.png */; };
		720300DB198DFAF4004ED72D /* slider-default-handle-highlighted@2x.png in Resources */ = {isa = PBXBuildFile; fileRef = 720300BD198DFAF3004ED72D /* slider-default-handle-highlighted@2x.png */; };
		720300DC198DFAF4004ED72D /* slider-default-handle.png in Resources */ = {isa = PBXBuildFile; fileRef = 720300BE198DFAF3004ED72D /* slider-default-handle.png */; };
		720300DD198DFAF4004ED72D /* slider-default-handle@2x.png in Resources */ = {isa = PBXBuildFile; fileRef = 720300BF198DFAF3004ED72D /* slider-default-handle@2x.png */; };
		720300DE198DFAF4004ED72D /* slider-default-track.png in Resources */ = {isa = PBXBuildFile; fileRef = 720300C0198DFAF3004ED72D /* slider-default-track.png */; };
		720300DF198DFAF4004ED72D /* slider-default-track@2x.png in Resources */ = {isa = PBXBuildFile; fileRef = 720300C1198DFAF3004ED72D /* slider-default-track@2x.png */; };
		720300E0198DFAF4004ED72D /* slider-default-trackBackground.png in Resources */ = {isa = PBXBuildFile; fileRef = 720300C2198DFAF3004ED72D /* slider-default-trackBackground.png */; };
		720300E1198DFAF4004ED72D /* slider-default-trackCrossedOver.png in Resources */ = {isa = PBXBuildFile; fileRef = 720300C3198DFAF3004ED72D /* slider-default-trackCrossedOver.png */; };
		720300E2198DFAF4004ED72D /* slider-default-trackCrossedOver@2x.png in Resources */ = {isa = PBXBuildFile; fileRef = 720300C4198DFAF3004ED72D /* slider-default-trackCrossedOver@2x.png */; };
		720300E3198DFAF4004ED72D /* slider-default_trackBackground@2x.png in Resources */ = {isa = PBXBuildFile; fileRef = 720300C5198DFAF3004ED72D /* slider-default_trackBackground@2x.png */; };
		720300E4198DFAF4004ED72D /* slider-default7-handle.png in Resources */ = {isa = PBXBuildFile; fileRef = 720300C7198DFAF3004ED72D /* slider-default7-handle.png */; };
		720300E5198DFAF4004ED72D /* slider-default7-handle@2x.png in Resources */ = {isa = PBXBuildFile; fileRef = 720300C8198DFAF3004ED72D /* slider-default7-handle@2x.png */; };
		720300E6198DFAF4004ED72D /* slider-default7-track.png in Resources */ = {isa = PBXBuildFile; fileRef = 720300C9198DFAF3004ED72D /* slider-default7-track.png */; };
		720300E7198DFAF4004ED72D /* slider-default7-track@2x.png in Resources */ = {isa = PBXBuildFile; fileRef = 720300CA198DFAF4004ED72D /* slider-default7-track@2x.png */; };
		720300E8198DFAF4004ED72D /* slider-default7-trackBackground.png in Resources */ = {isa = PBXBuildFile; fileRef = 720300CB198DFAF4004ED72D /* slider-default7-trackBackground.png */; };
		720300E9198DFAF4004ED72D /* slider-default7-trackBackground@2x.png in Resources */ = {isa = PBXBuildFile; fileRef = 720300CC198DFAF4004ED72D /* slider-default7-trackBackground@2x.png */; };
		720300EA198DFAF4004ED72D /* slider-default7-trackCrossedOver.png in Resources */ = {isa = PBXBuildFile; fileRef = 720300CD198DFAF4004ED72D /* slider-default7-trackCrossedOver.png */; };
		720300EB198DFAF4004ED72D /* slider-default7-trackCrossedOver@2x.png in Resources */ = {isa = PBXBuildFile; fileRef = 720300CE198DFAF4004ED72D /* slider-default7-trackCrossedOver@2x.png */; };
		720300EC198DFAF4004ED72D /* slider-metal-handle-highlighted.png in Resources */ = {isa = PBXBuildFile; fileRef = 720300D0198DFAF4004ED72D /* slider-metal-handle-highlighted.png */; };
		720300ED198DFAF4004ED72D /* slider-metal-handle-highlighted@2x.png in Resources */ = {isa = PBXBuildFile; fileRef = 720300D1198DFAF4004ED72D /* slider-metal-handle-highlighted@2x.png */; };
		720300EE198DFAF4004ED72D /* slider-metal-handle.png in Resources */ = {isa = PBXBuildFile; fileRef = 720300D2198DFAF4004ED72D /* slider-metal-handle.png */; };
		720300EF198DFAF4004ED72D /* slider-metal-handle@2x.png in Resources */ = {isa = PBXBuildFile; fileRef = 720300D3198DFAF4004ED72D /* slider-metal-handle@2x.png */; };
		720300F0198DFAF4004ED72D /* slider-metal-track.png in Resources */ = {isa = PBXBuildFile; fileRef = 720300D4198DFAF4004ED72D /* slider-metal-track.png */; };
		720300F1198DFAF4004ED72D /* slider-metal-track@2x.png in Resources */ = {isa = PBXBuildFile; fileRef = 720300D5198DFAF4004ED72D /* slider-metal-track@2x.png */; };
		720300F2198DFAF4004ED72D /* slider-metal-trackBackground.png in Resources */ = {isa = PBXBuildFile; fileRef = 720300D6198DFAF4004ED72D /* slider-metal-trackBackground.png */; };
		720300F3198DFAF4004ED72D /* slider-metal-trackBackground@2x.png in Resources */ = {isa = PBXBuildFile; fileRef = 720300D7198DFAF4004ED72D /* slider-metal-trackBackground@2x.png */; };
		720300F4198DFAF4004ED72D /* NMRangeSlider.m in Sources */ = {isa = PBXBuildFile; fileRef = 720300D9198DFAF4004ED72D /* NMRangeSlider.m */; };
		720300F8198E0447004ED72D /* JSONResponseSerializerWithData.m in Sources */ = {isa = PBXBuildFile; fileRef = 720300F7198E03AF004ED72D /* JSONResponseSerializerWithData.m */; };
		7204B6B119A5BE92000CB730 /* libFlurry_5.2.0.a in Frameworks */ = {isa = PBXBuildFile; fileRef = 7204B6B019A5BE92000CB730 /* libFlurry_5.2.0.a */; };
		7204B6B319A5BEAE000CB730 /* SystemConfiguration.framework in Frameworks */ = {isa = PBXBuildFile; fileRef = 7204B6B219A5BEAD000CB730 /* SystemConfiguration.framework */; };
		721F823A197E203900407F59 /* CoreLocation.framework in Frameworks */ = {isa = PBXBuildFile; fileRef = 721F8239197E203900407F59 /* CoreLocation.framework */; };
		721F823C197E207300407F59 /* MapKit.framework in Frameworks */ = {isa = PBXBuildFile; fileRef = 721F823B197E207300407F59 /* MapKit.framework */; };
		723362AC198F42C500DB1589 /* DPRPrintSheet.m in Sources */ = {isa = PBXBuildFile; fileRef = 723362AB198F42C500DB1589 /* DPRPrintSheet.m */; };
		7250427719A0441E005BE571 /* DPRUrlCollectionViewCell.m in Sources */ = {isa = PBXBuildFile; fileRef = 7250427619A0441E005BE571 /* DPRUrlCollectionViewCell.m */; };
		728752E8197F5C6E00C42F4A /* DPRPrinterTableViewCell.m in Sources */ = {isa = PBXBuildFile; fileRef = 728752E7197F5C6E00C42F4A /* DPRPrinterTableViewCell.m */; };
		7296AF0C197DFF0D00841057 /* DPRPrintManager.m in Sources */ = {isa = PBXBuildFile; fileRef = 7296AF0B197DFF0D00841057 /* DPRPrintManager.m */; };
		72B1D7DE197CB87200C9896B /* Foundation.framework in Frameworks */ = {isa = PBXBuildFile; fileRef = 72B1D7DD197CB87200C9896B /* Foundation.framework */; };
		72B1D7E0197CB87200C9896B /* CoreGraphics.framework in Frameworks */ = {isa = PBXBuildFile; fileRef = 72B1D7DF197CB87200C9896B /* CoreGraphics.framework */; };
		72B1D7E2197CB87200C9896B /* UIKit.framework in Frameworks */ = {isa = PBXBuildFile; fileRef = 72B1D7E1197CB87200C9896B /* UIKit.framework */; };
		72B1D7E8197CB87200C9896B /* InfoPlist.strings in Resources */ = {isa = PBXBuildFile; fileRef = 72B1D7E6197CB87200C9896B /* InfoPlist.strings */; };
		72B1D7EA197CB87200C9896B /* main.m in Sources */ = {isa = PBXBuildFile; fileRef = 72B1D7E9197CB87200C9896B /* main.m */; };
		72B1D7EE197CB87200C9896B /* DPRAppDelegate.m in Sources */ = {isa = PBXBuildFile; fileRef = 72B1D7ED197CB87200C9896B /* DPRAppDelegate.m */; };
		72B1D7F1197CB87200C9896B /* Main_iPhone.storyboard in Resources */ = {isa = PBXBuildFile; fileRef = 72B1D7EF197CB87200C9896B /* Main_iPhone.storyboard */; };
		72B1D7F4197CB87200C9896B /* Main_iPad.storyboard in Resources */ = {isa = PBXBuildFile; fileRef = 72B1D7F2197CB87200C9896B /* Main_iPad.storyboard */; };
		72B1D7F7197CB87200C9896B /* DPRViewController.m in Sources */ = {isa = PBXBuildFile; fileRef = 72B1D7F6197CB87200C9896B /* DPRViewController.m */; };
		72B1D7F9197CB87200C9896B /* Images.xcassets in Resources */ = {isa = PBXBuildFile; fileRef = 72B1D7F8197CB87200C9896B /* Images.xcassets */; };
		72B1D800197CB87200C9896B /* XCTest.framework in Frameworks */ = {isa = PBXBuildFile; fileRef = 72B1D7FF197CB87200C9896B /* XCTest.framework */; };
		72B1D801197CB87200C9896B /* Foundation.framework in Frameworks */ = {isa = PBXBuildFile; fileRef = 72B1D7DD197CB87200C9896B /* Foundation.framework */; };
		72B1D802197CB87200C9896B /* UIKit.framework in Frameworks */ = {isa = PBXBuildFile; fileRef = 72B1D7E1197CB87200C9896B /* UIKit.framework */; };
		72B1D80A197CB87200C9896B /* InfoPlist.strings in Resources */ = {isa = PBXBuildFile; fileRef = 72B1D808197CB87200C9896B /* InfoPlist.strings */; };
		72B1D80C197CB87200C9896B /* DevilPrintTests.m in Sources */ = {isa = PBXBuildFile; fileRef = 72B1D80B197CB87200C9896B /* DevilPrintTests.m */; };
		72B1D81A197CBAA800C9896B /* DPRDataModel.m in Sources */ = {isa = PBXBuildFile; fileRef = 72B1D819197CBAA800C9896B /* DPRDataModel.m */; };
		72B1D934197CC00700C9896B /* DPRPrinter.m in Sources */ = {isa = PBXBuildFile; fileRef = 72B1D933197CC00700C9896B /* DPRPrinter.m */; };
		72B1D93A197CCBF300C9896B /* DPRStatus.m in Sources */ = {isa = PBXBuildFile; fileRef = 72B1D939197CCBF300C9896B /* DPRStatus.m */; };
		72B1D93D197CD47200C9896B /* DPRSite.m in Sources */ = {isa = PBXBuildFile; fileRef = 72B1D93C197CD47200C9896B /* DPRSite.m */; };
/* End PBXBuildFile section */

/* Begin PBXContainerItemProxy section */
		72B1D803197CB87200C9896B /* PBXContainerItemProxy */ = {
			isa = PBXContainerItemProxy;
			containerPortal = 72B1D7D2197CB87200C9896B /* Project object */;
			proxyType = 1;
			remoteGlobalIDString = 72B1D7D9197CB87200C9896B;
			remoteInfo = DevilPrint;
		};
/* End PBXContainerItemProxy section */

/* Begin PBXFileReference section */
		7202F55F198B3E3B00A45421 /* DPRFileCollectionViewCell.h */ = {isa = PBXFileReference; fileEncoding = 4; lastKnownFileType = sourcecode.c.h; path = DPRFileCollectionViewCell.h; sourceTree = "<group>"; };
		7202F560198B3E3B00A45421 /* DPRFileCollectionViewCell.m */ = {isa = PBXFileReference; fileEncoding = 4; lastKnownFileType = sourcecode.c.objc; path = DPRFileCollectionViewCell.m; sourceTree = "<group>"; };
		7202F562198B54EA00A45421 /* DPRPrintSheet.xib */ = {isa = PBXFileReference; fileEncoding = 4; lastKnownFileType = file.xib; path = DPRPrintSheet.xib; sourceTree = "<group>"; };
		7202F733198B563A00A45421 /* AFHTTPRequestOperation.h */ = {isa = PBXFileReference; fileEncoding = 4; lastKnownFileType = sourcecode.c.h; path = AFHTTPRequestOperation.h; sourceTree = "<group>"; };
		7202F734198B563A00A45421 /* AFHTTPRequestOperation.m */ = {isa = PBXFileReference; fileEncoding = 4; lastKnownFileType = sourcecode.c.objc; path = AFHTTPRequestOperation.m; sourceTree = "<group>"; };
		7202F735198B563A00A45421 /* AFHTTPRequestOperationManager.h */ = {isa = PBXFileReference; fileEncoding = 4; lastKnownFileType = sourcecode.c.h; path = AFHTTPRequestOperationManager.h; sourceTree = "<group>"; };
		7202F736198B563A00A45421 /* AFHTTPRequestOperationManager.m */ = {isa = PBXFileReference; fileEncoding = 4; lastKnownFileType = sourcecode.c.objc; path = AFHTTPRequestOperationManager.m; sourceTree = "<group>"; };
		7202F737198B563A00A45421 /* AFHTTPSessionManager.h */ = {isa = PBXFileReference; fileEncoding = 4; lastKnownFileType = sourcecode.c.h; path = AFHTTPSessionManager.h; sourceTree = "<group>"; };
		7202F738198B563A00A45421 /* AFHTTPSessionManager.m */ = {isa = PBXFileReference; fileEncoding = 4; lastKnownFileType = sourcecode.c.objc; path = AFHTTPSessionManager.m; sourceTree = "<group>"; };
		7202F739198B563A00A45421 /* AFNetworking.h */ = {isa = PBXFileReference; fileEncoding = 4; lastKnownFileType = sourcecode.c.h; path = AFNetworking.h; sourceTree = "<group>"; };
		7202F73A198B563A00A45421 /* AFNetworkReachabilityManager.h */ = {isa = PBXFileReference; fileEncoding = 4; lastKnownFileType = sourcecode.c.h; path = AFNetworkReachabilityManager.h; sourceTree = "<group>"; };
		7202F73B198B563A00A45421 /* AFNetworkReachabilityManager.m */ = {isa = PBXFileReference; fileEncoding = 4; lastKnownFileType = sourcecode.c.objc; path = AFNetworkReachabilityManager.m; sourceTree = "<group>"; };
		7202F73C198B563A00A45421 /* AFSecurityPolicy.h */ = {isa = PBXFileReference; fileEncoding = 4; lastKnownFileType = sourcecode.c.h; path = AFSecurityPolicy.h; sourceTree = "<group>"; };
		7202F73D198B563A00A45421 /* AFSecurityPolicy.m */ = {isa = PBXFileReference; fileEncoding = 4; lastKnownFileType = sourcecode.c.objc; path = AFSecurityPolicy.m; sourceTree = "<group>"; };
		7202F73E198B563A00A45421 /* AFURLConnectionOperation.h */ = {isa = PBXFileReference; fileEncoding = 4; lastKnownFileType = sourcecode.c.h; path = AFURLConnectionOperation.h; sourceTree = "<group>"; };
		7202F73F198B563A00A45421 /* AFURLConnectionOperation.m */ = {isa = PBXFileReference; fileEncoding = 4; lastKnownFileType = sourcecode.c.objc; path = AFURLConnectionOperation.m; sourceTree = "<group>"; };
		7202F740198B563A00A45421 /* AFURLRequestSerialization.h */ = {isa = PBXFileReference; fileEncoding = 4; lastKnownFileType = sourcecode.c.h; path = AFURLRequestSerialization.h; sourceTree = "<group>"; };
		7202F741198B563A00A45421 /* AFURLRequestSerialization.m */ = {isa = PBXFileReference; fileEncoding = 4; lastKnownFileType = sourcecode.c.objc; path = AFURLRequestSerialization.m; sourceTree = "<group>"; };
		7202F742198B563A00A45421 /* AFURLResponseSerialization.h */ = {isa = PBXFileReference; fileEncoding = 4; lastKnownFileType = sourcecode.c.h; path = AFURLResponseSerialization.h; sourceTree = "<group>"; };
		7202F743198B563A00A45421 /* AFURLResponseSerialization.m */ = {isa = PBXFileReference; fileEncoding = 4; lastKnownFileType = sourcecode.c.objc; path = AFURLResponseSerialization.m; sourceTree = "<group>"; };
		7202F744198B563A00A45421 /* AFURLSessionManager.h */ = {isa = PBXFileReference; fileEncoding = 4; lastKnownFileType = sourcecode.c.h; path = AFURLSessionManager.h; sourceTree = "<group>"; };
		7202F745198B563A00A45421 /* AFURLSessionManager.m */ = {isa = PBXFileReference; fileEncoding = 4; lastKnownFileType = sourcecode.c.objc; path = AFURLSessionManager.m; sourceTree = "<group>"; };
		720300B7198DFA45004ED72D /* FXBlurView.h */ = {isa = PBXFileReference; fileEncoding = 4; lastKnownFileType = sourcecode.c.h; path = FXBlurView.h; sourceTree = "<group>"; };
		720300B8198DFA45004ED72D /* FXBlurView.m */ = {isa = PBXFileReference; fileEncoding = 4; lastKnownFileType = sourcecode.c.objc; path = FXBlurView.m; sourceTree = "<group>"; };
		720300BC198DFAF3004ED72D /* slider-default-handle-highlighted.png */ = {isa = PBXFileReference; lastKnownFileType = image.png; path = "slider-default-handle-highlighted.png"; sourceTree = "<group>"; };
		720300BD198DFAF3004ED72D /* slider-default-handle-highlighted@2x.png */ = {isa = PBXFileReference; lastKnownFileType = image.png; path = "slider-default-handle-highlighted@2x.png"; sourceTree = "<group>"; };
		720300BE198DFAF3004ED72D /* slider-default-handle.png */ = {isa = PBXFileReference; lastKnownFileType = image.png; path = "slider-default-handle.png"; sourceTree = "<group>"; };
		720300BF198DFAF3004ED72D /* slider-default-handle@2x.png */ = {isa = PBXFileReference; lastKnownFileType = image.png; path = "slider-default-handle@2x.png"; sourceTree = "<group>"; };
		720300C0198DFAF3004ED72D /* slider-default-track.png */ = {isa = PBXFileReference; lastKnownFileType = image.png; path = "slider-default-track.png"; sourceTree = "<group>"; };
		720300C1198DFAF3004ED72D /* slider-default-track@2x.png */ = {isa = PBXFileReference; lastKnownFileType = image.png; path = "slider-default-track@2x.png"; sourceTree = "<group>"; };
		720300C2198DFAF3004ED72D /* slider-default-trackBackground.png */ = {isa = PBXFileReference; lastKnownFileType = image.png; path = "slider-default-trackBackground.png"; sourceTree = "<group>"; };
		720300C3198DFAF3004ED72D /* slider-default-trackCrossedOver.png */ = {isa = PBXFileReference; lastKnownFileType = image.png; path = "slider-default-trackCrossedOver.png"; sourceTree = "<group>"; };
		720300C4198DFAF3004ED72D /* slider-default-trackCrossedOver@2x.png */ = {isa = PBXFileReference; lastKnownFileType = image.png; path = "slider-default-trackCrossedOver@2x.png"; sourceTree = "<group>"; };
		720300C5198DFAF3004ED72D /* slider-default_trackBackground@2x.png */ = {isa = PBXFileReference; lastKnownFileType = image.png; path = "slider-default_trackBackground@2x.png"; sourceTree = "<group>"; };
		720300C7198DFAF3004ED72D /* slider-default7-handle.png */ = {isa = PBXFileReference; lastKnownFileType = image.png; path = "slider-default7-handle.png"; sourceTree = "<group>"; };
		720300C8198DFAF3004ED72D /* slider-default7-handle@2x.png */ = {isa = PBXFileReference; lastKnownFileType = image.png; path = "slider-default7-handle@2x.png"; sourceTree = "<group>"; };
		720300C9198DFAF3004ED72D /* slider-default7-track.png */ = {isa = PBXFileReference; lastKnownFileType = image.png; path = "slider-default7-track.png"; sourceTree = "<group>"; };
		720300CA198DFAF4004ED72D /* slider-default7-track@2x.png */ = {isa = PBXFileReference; lastKnownFileType = image.png; path = "slider-default7-track@2x.png"; sourceTree = "<group>"; };
		720300CB198DFAF4004ED72D /* slider-default7-trackBackground.png */ = {isa = PBXFileReference; lastKnownFileType = image.png; path = "slider-default7-trackBackground.png"; sourceTree = "<group>"; };
		720300CC198DFAF4004ED72D /* slider-default7-trackBackground@2x.png */ = {isa = PBXFileReference; lastKnownFileType = image.png; path = "slider-default7-trackBackground@2x.png"; sourceTree = "<group>"; };
		720300CD198DFAF4004ED72D /* slider-default7-trackCrossedOver.png */ = {isa = PBXFileReference; lastKnownFileType = image.png; path = "slider-default7-trackCrossedOver.png"; sourceTree = "<group>"; };
		720300CE198DFAF4004ED72D /* slider-default7-trackCrossedOver@2x.png */ = {isa = PBXFileReference; lastKnownFileType = image.png; path = "slider-default7-trackCrossedOver@2x.png"; sourceTree = "<group>"; };
		720300D0198DFAF4004ED72D /* slider-metal-handle-highlighted.png */ = {isa = PBXFileReference; lastKnownFileType = image.png; path = "slider-metal-handle-highlighted.png"; sourceTree = "<group>"; };
		720300D1198DFAF4004ED72D /* slider-metal-handle-highlighted@2x.png */ = {isa = PBXFileReference; lastKnownFileType = image.png; path = "slider-metal-handle-highlighted@2x.png"; sourceTree = "<group>"; };
		720300D2198DFAF4004ED72D /* slider-metal-handle.png */ = {isa = PBXFileReference; lastKnownFileType = image.png; path = "slider-metal-handle.png"; sourceTree = "<group>"; };
		720300D3198DFAF4004ED72D /* slider-metal-handle@2x.png */ = {isa = PBXFileReference; lastKnownFileType = image.png; path = "slider-metal-handle@2x.png"; sourceTree = "<group>"; };
		720300D4198DFAF4004ED72D /* slider-metal-track.png */ = {isa = PBXFileReference; lastKnownFileType = image.png; path = "slider-metal-track.png"; sourceTree = "<group>"; };
		720300D5198DFAF4004ED72D /* slider-metal-track@2x.png */ = {isa = PBXFileReference; lastKnownFileType = image.png; path = "slider-metal-track@2x.png"; sourceTree = "<group>"; };
		720300D6198DFAF4004ED72D /* slider-metal-trackBackground.png */ = {isa = PBXFileReference; lastKnownFileType = image.png; path = "slider-metal-trackBackground.png"; sourceTree = "<group>"; };
		720300D7198DFAF4004ED72D /* slider-metal-trackBackground@2x.png */ = {isa = PBXFileReference; lastKnownFileType = image.png; path = "slider-metal-trackBackground@2x.png"; sourceTree = "<group>"; };
		720300D8198DFAF4004ED72D /* NMRangeSlider.h */ = {isa = PBXFileReference; fileEncoding = 4; lastKnownFileType = sourcecode.c.h; path = NMRangeSlider.h; sourceTree = "<group>"; };
		720300D9198DFAF4004ED72D /* NMRangeSlider.m */ = {isa = PBXFileReference; fileEncoding = 4; lastKnownFileType = sourcecode.c.objc; path = NMRangeSlider.m; sourceTree = "<group>"; };
		720300F6198E0392004ED72D /* JSONResponseSerializerWithData.h */ = {isa = PBXFileReference; lastKnownFileType = sourcecode.c.h; path = JSONResponseSerializerWithData.h; sourceTree = "<group>"; };
		720300F7198E03AF004ED72D /* JSONResponseSerializerWithData.m */ = {isa = PBXFileReference; lastKnownFileType = sourcecode.c.objc; path = JSONResponseSerializerWithData.m; sourceTree = "<group>"; };
		7204B6AF19A5BE92000CB730 /* Flurry.h */ = {isa = PBXFileReference; fileEncoding = 4; lastKnownFileType = sourcecode.c.h; path = Flurry.h; sourceTree = "<group>"; };
		7204B6B019A5BE92000CB730 /* libFlurry_5.2.0.a */ = {isa = PBXFileReference; lastKnownFileType = archive.ar; path = libFlurry_5.2.0.a; sourceTree = "<group>"; };
		7204B6B219A5BEAD000CB730 /* SystemConfiguration.framework */ = {isa = PBXFileReference; lastKnownFileType = wrapper.framework; name = SystemConfiguration.framework; path = System/Library/Frameworks/SystemConfiguration.framework; sourceTree = SDKROOT; };
		721F8239197E203900407F59 /* CoreLocation.framework */ = {isa = PBXFileReference; lastKnownFileType = wrapper.framework; name = CoreLocation.framework; path = System/Library/Frameworks/CoreLocation.framework; sourceTree = SDKROOT; };
		721F823B197E207300407F59 /* MapKit.framework */ = {isa = PBXFileReference; lastKnownFileType = wrapper.framework; name = MapKit.framework; path = System/Library/Frameworks/MapKit.framework; sourceTree = SDKROOT; };
		723362AA198F42C500DB1589 /* DPRPrintSheet.h */ = {isa = PBXFileReference; fileEncoding = 4; lastKnownFileType = sourcecode.c.h; path = DPRPrintSheet.h; sourceTree = "<group>"; };
		723362AB198F42C500DB1589 /* DPRPrintSheet.m */ = {isa = PBXFileReference; fileEncoding = 4; lastKnownFileType = sourcecode.c.objc; path = DPRPrintSheet.m; sourceTree = "<group>"; };
		7250427519A0441E005BE571 /* DPRUrlCollectionViewCell.h */ = {isa = PBXFileReference; fileEncoding = 4; lastKnownFileType = sourcecode.c.h; path = DPRUrlCollectionViewCell.h; sourceTree = "<group>"; };
		7250427619A0441E005BE571 /* DPRUrlCollectionViewCell.m */ = {isa = PBXFileReference; fileEncoding = 4; lastKnownFileType = sourcecode.c.objc; path = DPRUrlCollectionViewCell.m; sourceTree = "<group>"; };
		728752E6197F5C6E00C42F4A /* DPRPrinterTableViewCell.h */ = {isa = PBXFileReference; fileEncoding = 4; lastKnownFileType = sourcecode.c.h; path = DPRPrinterTableViewCell.h; sourceTree = "<group>"; };
		728752E7197F5C6E00C42F4A /* DPRPrinterTableViewCell.m */ = {isa = PBXFileReference; fileEncoding = 4; lastKnownFileType = sourcecode.c.objc; path = DPRPrinterTableViewCell.m; sourceTree = "<group>"; };
		7296AF0A197DFF0D00841057 /* DPRPrintManager.h */ = {isa = PBXFileReference; fileEncoding = 4; lastKnownFileType = sourcecode.c.h; path = DPRPrintManager.h; sourceTree = "<group>"; };
		7296AF0B197DFF0D00841057 /* DPRPrintManager.m */ = {isa = PBXFileReference; fileEncoding = 4; lastKnownFileType = sourcecode.c.objc; path = DPRPrintManager.m; sourceTree = "<group>"; };
		72B1D7DA197CB87200C9896B /* DevilPrint.app */ = {isa = PBXFileReference; explicitFileType = wrapper.application; includeInIndex = 0; path = DevilPrint.app; sourceTree = BUILT_PRODUCTS_DIR; };
		72B1D7DD197CB87200C9896B /* Foundation.framework */ = {isa = PBXFileReference; lastKnownFileType = wrapper.framework; name = Foundation.framework; path = System/Library/Frameworks/Foundation.framework; sourceTree = SDKROOT; };
		72B1D7DF197CB87200C9896B /* CoreGraphics.framework */ = {isa = PBXFileReference; lastKnownFileType = wrapper.framework; name = CoreGraphics.framework; path = System/Library/Frameworks/CoreGraphics.framework; sourceTree = SDKROOT; };
		72B1D7E1197CB87200C9896B /* UIKit.framework */ = {isa = PBXFileReference; lastKnownFileType = wrapper.framework; name = UIKit.framework; path = System/Library/Frameworks/UIKit.framework; sourceTree = SDKROOT; };
		72B1D7E5197CB87200C9896B /* DevilPrint-Info.plist */ = {isa = PBXFileReference; lastKnownFileType = text.plist.xml; path = "DevilPrint-Info.plist"; sourceTree = "<group>"; };
		72B1D7E7197CB87200C9896B /* en */ = {isa = PBXFileReference; lastKnownFileType = text.plist.strings; name = en; path = en.lproj/InfoPlist.strings; sourceTree = "<group>"; };
		72B1D7E9197CB87200C9896B /* main.m */ = {isa = PBXFileReference; lastKnownFileType = sourcecode.c.objc; path = main.m; sourceTree = "<group>"; };
		72B1D7EB197CB87200C9896B /* DevilPrint-Prefix.pch */ = {isa = PBXFileReference; lastKnownFileType = sourcecode.c.h; path = "DevilPrint-Prefix.pch"; sourceTree = "<group>"; };
		72B1D7EC197CB87200C9896B /* DPRAppDelegate.h */ = {isa = PBXFileReference; lastKnownFileType = sourcecode.c.h; path = DPRAppDelegate.h; sourceTree = "<group>"; };
		72B1D7ED197CB87200C9896B /* DPRAppDelegate.m */ = {isa = PBXFileReference; lastKnownFileType = sourcecode.c.objc; path = DPRAppDelegate.m; sourceTree = "<group>"; };
		72B1D7F0197CB87200C9896B /* Base */ = {isa = PBXFileReference; lastKnownFileType = file.storyboard; name = Base; path = Base.lproj/Main_iPhone.storyboard; sourceTree = "<group>"; };
		72B1D7F3197CB87200C9896B /* Base */ = {isa = PBXFileReference; lastKnownFileType = file.storyboard; name = Base; path = Base.lproj/Main_iPad.storyboard; sourceTree = "<group>"; };
		72B1D7F5197CB87200C9896B /* DPRViewController.h */ = {isa = PBXFileReference; lastKnownFileType = sourcecode.c.h; path = DPRViewController.h; sourceTree = "<group>"; };
		72B1D7F6197CB87200C9896B /* DPRViewController.m */ = {isa = PBXFileReference; lastKnownFileType = sourcecode.c.objc; path = DPRViewController.m; sourceTree = "<group>"; };
		72B1D7F8197CB87200C9896B /* Images.xcassets */ = {isa = PBXFileReference; lastKnownFileType = folder.assetcatalog; path = Images.xcassets; sourceTree = "<group>"; };
		72B1D7FE197CB87200C9896B /* DevilPrintTests.xctest */ = {isa = PBXFileReference; explicitFileType = wrapper.cfbundle; includeInIndex = 0; path = DevilPrintTests.xctest; sourceTree = BUILT_PRODUCTS_DIR; };
		72B1D7FF197CB87200C9896B /* XCTest.framework */ = {isa = PBXFileReference; lastKnownFileType = wrapper.framework; name = XCTest.framework; path = Library/Frameworks/XCTest.framework; sourceTree = DEVELOPER_DIR; };
		72B1D807197CB87200C9896B /* DevilPrintTests-Info.plist */ = {isa = PBXFileReference; lastKnownFileType = text.plist.xml; path = "DevilPrintTests-Info.plist"; sourceTree = "<group>"; };
		72B1D809197CB87200C9896B /* en */ = {isa = PBXFileReference; lastKnownFileType = text.plist.strings; name = en; path = en.lproj/InfoPlist.strings; sourceTree = "<group>"; };
		72B1D80B197CB87200C9896B /* DevilPrintTests.m */ = {isa = PBXFileReference; lastKnownFileType = sourcecode.c.objc; path = DevilPrintTests.m; sourceTree = "<group>"; };
		72B1D818197CBAA800C9896B /* DPRDataModel.h */ = {isa = PBXFileReference; fileEncoding = 4; lastKnownFileType = sourcecode.c.h; path = DPRDataModel.h; sourceTree = "<group>"; };
		72B1D819197CBAA800C9896B /* DPRDataModel.m */ = {isa = PBXFileReference; fileEncoding = 4; lastKnownFileType = sourcecode.c.objc; path = DPRDataModel.m; sourceTree = "<group>"; };
		72B1D932197CC00700C9896B /* DPRPrinter.h */ = {isa = PBXFileReference; fileEncoding = 4; lastKnownFileType = sourcecode.c.h; path = DPRPrinter.h; sourceTree = "<group>"; };
		72B1D933197CC00700C9896B /* DPRPrinter.m */ = {isa = PBXFileReference; fileEncoding = 4; lastKnownFileType = sourcecode.c.objc; path = DPRPrinter.m; sourceTree = "<group>"; };
		72B1D938197CCBF300C9896B /* DPRStatus.h */ = {isa = PBXFileReference; fileEncoding = 4; lastKnownFileType = sourcecode.c.h; path = DPRStatus.h; sourceTree = "<group>"; };
		72B1D939197CCBF300C9896B /* DPRStatus.m */ = {isa = PBXFileReference; fileEncoding = 4; lastKnownFileType = sourcecode.c.objc; path = DPRStatus.m; sourceTree = "<group>"; };
		72B1D93B197CD47200C9896B /* DPRSite.h */ = {isa = PBXFileReference; fileEncoding = 4; lastKnownFileType = sourcecode.c.h; path = DPRSite.h; sourceTree = "<group>"; };
		72B1D93C197CD47200C9896B /* DPRSite.m */ = {isa = PBXFileReference; fileEncoding = 4; lastKnownFileType = sourcecode.c.objc; path = DPRSite.m; sourceTree = "<group>"; };
/* End PBXFileReference section */

/* Begin PBXFrameworksBuildPhase section */
		72B1D7D7197CB87200C9896B /* Frameworks */ = {
			isa = PBXFrameworksBuildPhase;
			buildActionMask = 2147483647;
			files = (
				7204B6B319A5BEAE000CB730 /* SystemConfiguration.framework in Frameworks */,
				721F823C197E207300407F59 /* MapKit.framework in Frameworks */,
				721F823A197E203900407F59 /* CoreLocation.framework in Frameworks */,
				72B1D7E0197CB87200C9896B /* CoreGraphics.framework in Frameworks */,
				72B1D7E2197CB87200C9896B /* UIKit.framework in Frameworks */,
				72B1D7DE197CB87200C9896B /* Foundation.framework in Frameworks */,
				7204B6B119A5BE92000CB730 /* libFlurry_5.2.0.a in Frameworks */,
			);
			runOnlyForDeploymentPostprocessing = 0;
		};
		72B1D7FB197CB87200C9896B /* Frameworks */ = {
			isa = PBXFrameworksBuildPhase;
			buildActionMask = 2147483647;
			files = (
				72B1D800197CB87200C9896B /* XCTest.framework in Frameworks */,
				72B1D802197CB87200C9896B /* UIKit.framework in Frameworks */,
				72B1D801197CB87200C9896B /* Foundation.framework in Frameworks */,
			);
			runOnlyForDeploymentPostprocessing = 0;
		};
/* End PBXFrameworksBuildPhase section */

/* Begin PBXGroup section */
		7202F731198B561F00A45421 /* Submodules */ = {
			isa = PBXGroup;
			children = (
				720300BA198DFAF3004ED72D /* NMRangeSlider */,
				720300B6198DFA45004ED72D /* FXBlurView */,
				7202F732198B563A00A45421 /* AFNetworking */,
			);
			name = Submodules;
			sourceTree = "<group>";
		};
		7202F732198B563A00A45421 /* AFNetworking */ = {
			isa = PBXGroup;
			children = (
				7202F733198B563A00A45421 /* AFHTTPRequestOperation.h */,
				7202F734198B563A00A45421 /* AFHTTPRequestOperation.m */,
				7202F735198B563A00A45421 /* AFHTTPRequestOperationManager.h */,
				7202F736198B563A00A45421 /* AFHTTPRequestOperationManager.m */,
				7202F737198B563A00A45421 /* AFHTTPSessionManager.h */,
				7202F738198B563A00A45421 /* AFHTTPSessionManager.m */,
				7202F739198B563A00A45421 /* AFNetworking.h */,
				7202F73A198B563A00A45421 /* AFNetworkReachabilityManager.h */,
				7202F73B198B563A00A45421 /* AFNetworkReachabilityManager.m */,
				7202F73C198B563A00A45421 /* AFSecurityPolicy.h */,
				7202F73D198B563A00A45421 /* AFSecurityPolicy.m */,
				7202F73E198B563A00A45421 /* AFURLConnectionOperation.h */,
				7202F73F198B563A00A45421 /* AFURLConnectionOperation.m */,
				7202F740198B563A00A45421 /* AFURLRequestSerialization.h */,
				7202F741198B563A00A45421 /* AFURLRequestSerialization.m */,
				7202F742198B563A00A45421 /* AFURLResponseSerialization.h */,
				7202F743198B563A00A45421 /* AFURLResponseSerialization.m */,
				7202F744198B563A00A45421 /* AFURLSessionManager.h */,
				7202F745198B563A00A45421 /* AFURLSessionManager.m */,
			);
			name = AFNetworking;
			path = Submodules/AFNetworking/AFNetworking;
			sourceTree = SOURCE_ROOT;
		};
		720300B6198DFA45004ED72D /* FXBlurView */ = {
			isa = PBXGroup;
			children = (
				720300B7198DFA45004ED72D /* FXBlurView.h */,
				720300B8198DFA45004ED72D /* FXBlurView.m */,
			);
			name = FXBlurView;
			path = Submodules/FXBlurView/FXBlurView;
			sourceTree = SOURCE_ROOT;
		};
		720300BA198DFAF3004ED72D /* NMRangeSlider */ = {
			isa = PBXGroup;
			children = (
				720300BB198DFAF3004ED72D /* DefaultTheme */,
				720300C6198DFAF3004ED72D /* DefaultTheme7 */,
				720300CF198DFAF4004ED72D /* MetalTheme */,
				720300D8198DFAF4004ED72D /* NMRangeSlider.h */,
				720300D9198DFAF4004ED72D /* NMRangeSlider.m */,
			);
			name = NMRangeSlider;
			path = Submodules/NMRangeSlider/NMRangeSlider;
			sourceTree = SOURCE_ROOT;
		};
		720300BB198DFAF3004ED72D /* DefaultTheme */ = {
			isa = PBXGroup;
			children = (
				720300BC198DFAF3004ED72D /* slider-default-handle-highlighted.png */,
				720300BD198DFAF3004ED72D /* slider-default-handle-highlighted@2x.png */,
				720300BE198DFAF3004ED72D /* slider-default-handle.png */,
				720300BF198DFAF3004ED72D /* slider-default-handle@2x.png */,
				720300C0198DFAF3004ED72D /* slider-default-track.png */,
				720300C1198DFAF3004ED72D /* slider-default-track@2x.png */,
				720300C2198DFAF3004ED72D /* slider-default-trackBackground.png */,
				720300C3198DFAF3004ED72D /* slider-default-trackCrossedOver.png */,
				720300C4198DFAF3004ED72D /* slider-default-trackCrossedOver@2x.png */,
				720300C5198DFAF3004ED72D /* slider-default_trackBackground@2x.png */,
			);
			path = DefaultTheme;
			sourceTree = "<group>";
		};
		720300C6198DFAF3004ED72D /* DefaultTheme7 */ = {
			isa = PBXGroup;
			children = (
				720300C7198DFAF3004ED72D /* slider-default7-handle.png */,
				720300C8198DFAF3004ED72D /* slider-default7-handle@2x.png */,
				720300C9198DFAF3004ED72D /* slider-default7-track.png */,
				720300CA198DFAF4004ED72D /* slider-default7-track@2x.png */,
				720300CB198DFAF4004ED72D /* slider-default7-trackBackground.png */,
				720300CC198DFAF4004ED72D /* slider-default7-trackBackground@2x.png */,
				720300CD198DFAF4004ED72D /* slider-default7-trackCrossedOver.png */,
				720300CE198DFAF4004ED72D /* slider-default7-trackCrossedOver@2x.png */,
			);
			path = DefaultTheme7;
			sourceTree = "<group>";
		};
		720300CF198DFAF4004ED72D /* MetalTheme */ = {
			isa = PBXGroup;
			children = (
				720300D0198DFAF4004ED72D /* slider-metal-handle-highlighted.png */,
				720300D1198DFAF4004ED72D /* slider-metal-handle-highlighted@2x.png */,
				720300D2198DFAF4004ED72D /* slider-metal-handle.png */,
				720300D3198DFAF4004ED72D /* slider-metal-handle@2x.png */,
				720300D4198DFAF4004ED72D /* slider-metal-track.png */,
				720300D5198DFAF4004ED72D /* slider-metal-track@2x.png */,
				720300D6198DFAF4004ED72D /* slider-metal-trackBackground.png */,
				720300D7198DFAF4004ED72D /* slider-metal-trackBackground@2x.png */,
			);
			path = MetalTheme;
			sourceTree = "<group>";
		};
		720300F5198E0369004ED72D /* Networking */ = {
			isa = PBXGroup;
			children = (
				720300F6198E0392004ED72D /* JSONResponseSerializerWithData.h */,
				720300F7198E03AF004ED72D /* JSONResponseSerializerWithData.m */,
			);
			name = Networking;
			sourceTree = "<group>";
		};
		7204B6AE19A5BE92000CB730 /* Flurry */ = {
			isa = PBXGroup;
			children = (
				7204B6AF19A5BE92000CB730 /* Flurry.h */,
				7204B6B019A5BE92000CB730 /* libFlurry_5.2.0.a */,
			);
			path = Flurry;
			sourceTree = "<group>";
		};
		728752E5197F5C1700C42F4A /* Interface */ = {
			isa = PBXGroup;
			children = (
				728752E6197F5C6E00C42F4A /* DPRPrinterTableViewCell.h */,
				728752E7197F5C6E00C42F4A /* DPRPrinterTableViewCell.m */,
				7202F55F198B3E3B00A45421 /* DPRFileCollectionViewCell.h */,
				7202F560198B3E3B00A45421 /* DPRFileCollectionViewCell.m */,
				7250427519A0441E005BE571 /* DPRUrlCollectionViewCell.h */,
				7250427619A0441E005BE571 /* DPRUrlCollectionViewCell.m */,
				7202F562198B54EA00A45421 /* DPRPrintSheet.xib */,
				723362AA198F42C500DB1589 /* DPRPrintSheet.h */,
				723362AB198F42C500DB1589 /* DPRPrintSheet.m */,
			);
			name = Interface;
			sourceTree = "<group>";
		};
		72B1D7D1197CB87200C9896B = {
			isa = PBXGroup;
			children = (
				72B1D7E3197CB87200C9896B /* DevilPrint */,
				72B1D805197CB87200C9896B /* DevilPrintTests */,
				72B1D7DC197CB87200C9896B /* Frameworks */,
				72B1D7DB197CB87200C9896B /* Products */,
			);
			sourceTree = "<group>";
		};
		72B1D7DB197CB87200C9896B /* Products */ = {
			isa = PBXGroup;
			children = (
				72B1D7DA197CB87200C9896B /* DevilPrint.app */,
				72B1D7FE197CB87200C9896B /* DevilPrintTests.xctest */,
			);
			name = Products;
			sourceTree = "<group>";
		};
		72B1D7DC197CB87200C9896B /* Frameworks */ = {
			isa = PBXGroup;
			children = (
				7204B6B219A5BEAD000CB730 /* SystemConfiguration.framework */,
				721F823B197E207300407F59 /* MapKit.framework */,
				721F8239197E203900407F59 /* CoreLocation.framework */,
				72B1D7DD197CB87200C9896B /* Foundation.framework */,
				72B1D7DF197CB87200C9896B /* CoreGraphics.framework */,
				72B1D7E1197CB87200C9896B /* UIKit.framework */,
				72B1D7FF197CB87200C9896B /* XCTest.framework */,
			);
			name = Frameworks;
			sourceTree = "<group>";
		};
		72B1D7E3197CB87200C9896B /* DevilPrint */ = {
			isa = PBXGroup;
			children = (
				7204B6AE19A5BE92000CB730 /* Flurry */,
				720300F5198E0369004ED72D /* Networking */,
				7202F731198B561F00A45421 /* Submodules */,
				728752E5197F5C1700C42F4A /* Interface */,
				72B1D815197CB9D100C9896B /* Data Model */,
				72B1D7EC197CB87200C9896B /* DPRAppDelegate.h */,
				72B1D7ED197CB87200C9896B /* DPRAppDelegate.m */,
				72B1D7EF197CB87200C9896B /* Main_iPhone.storyboard */,
				72B1D7F2197CB87200C9896B /* Main_iPad.storyboard */,
				72B1D7F5197CB87200C9896B /* DPRViewController.h */,
				72B1D7F6197CB87200C9896B /* DPRViewController.m */,
				72B1D7F8197CB87200C9896B /* Images.xcassets */,
				72B1D7E4197CB87200C9896B /* Supporting Files */,
			);
			path = DevilPrint;
			sourceTree = "<group>";
		};
		72B1D7E4197CB87200C9896B /* Supporting Files */ = {
			isa = PBXGroup;
			children = (
				72B1D7E5197CB87200C9896B /* DevilPrint-Info.plist */,
				72B1D7E6197CB87200C9896B /* InfoPlist.strings */,
				72B1D7E9197CB87200C9896B /* main.m */,
				72B1D7EB197CB87200C9896B /* DevilPrint-Prefix.pch */,
			);
			name = "Supporting Files";
			sourceTree = "<group>";
		};
		72B1D805197CB87200C9896B /* DevilPrintTests */ = {
			isa = PBXGroup;
			children = (
				72B1D80B197CB87200C9896B /* DevilPrintTests.m */,
				72B1D806197CB87200C9896B /* Supporting Files */,
			);
			path = DevilPrintTests;
			sourceTree = "<group>";
		};
		72B1D806197CB87200C9896B /* Supporting Files */ = {
			isa = PBXGroup;
			children = (
				72B1D807197CB87200C9896B /* DevilPrintTests-Info.plist */,
				72B1D808197CB87200C9896B /* InfoPlist.strings */,
			);
			name = "Supporting Files";
			sourceTree = "<group>";
		};
		72B1D815197CB9D100C9896B /* Data Model */ = {
			isa = PBXGroup;
			children = (
				72B1D818197CBAA800C9896B /* DPRDataModel.h */,
				72B1D819197CBAA800C9896B /* DPRDataModel.m */,
				7296AF0A197DFF0D00841057 /* DPRPrintManager.h */,
				7296AF0B197DFF0D00841057 /* DPRPrintManager.m */,
				72B1D93B197CD47200C9896B /* DPRSite.h */,
				72B1D93C197CD47200C9896B /* DPRSite.m */,
				72B1D938197CCBF300C9896B /* DPRStatus.h */,
				72B1D939197CCBF300C9896B /* DPRStatus.m */,
				72B1D932197CC00700C9896B /* DPRPrinter.h */,
				72B1D933197CC00700C9896B /* DPRPrinter.m */,
			);
			name = "Data Model";
			sourceTree = "<group>";
		};
/* End PBXGroup section */

/* Begin PBXNativeTarget section */
		72B1D7D9197CB87200C9896B /* DevilPrint */ = {
			isa = PBXNativeTarget;
			buildConfigurationList = 72B1D80F197CB87200C9896B /* Build configuration list for PBXNativeTarget "DevilPrint" */;
			buildPhases = (
				72B1D7D6197CB87200C9896B /* Sources */,
				72B1D7D7197CB87200C9896B /* Frameworks */,
				72B1D7D8197CB87200C9896B /* Resources */,
			);
			buildRules = (
			);
			dependencies = (
			);
			name = DevilPrint;
			productName = DevilPrint;
			productReference = 72B1D7DA197CB87200C9896B /* DevilPrint.app */;
			productType = "com.apple.product-type.application";
		};
		72B1D7FD197CB87200C9896B /* DevilPrintTests */ = {
			isa = PBXNativeTarget;
			buildConfigurationList = 72B1D812197CB87200C9896B /* Build configuration list for PBXNativeTarget "DevilPrintTests" */;
			buildPhases = (
				72B1D7FA197CB87200C9896B /* Sources */,
				72B1D7FB197CB87200C9896B /* Frameworks */,
				72B1D7FC197CB87200C9896B /* Resources */,
			);
			buildRules = (
			);
			dependencies = (
				72B1D804197CB87200C9896B /* PBXTargetDependency */,
			);
			name = DevilPrintTests;
			productName = DevilPrintTests;
			productReference = 72B1D7FE197CB87200C9896B /* DevilPrintTests.xctest */;
			productType = "com.apple.product-type.bundle.unit-test";
		};
/* End PBXNativeTarget section */

/* Begin PBXProject section */
		72B1D7D2197CB87200C9896B /* Project object */ = {
			isa = PBXProject;
			attributes = {
				CLASSPREFIX = DPR;
				LastUpgradeCheck = 0510;
				ORGANIZATIONNAME = "Davis Gossage";
				TargetAttributes = {
					72B1D7FD197CB87200C9896B = {
						TestTargetID = 72B1D7D9197CB87200C9896B;
					};
				};
			};
			buildConfigurationList = 72B1D7D5197CB87200C9896B /* Build configuration list for PBXProject "DevilPrint" */;
			compatibilityVersion = "Xcode 3.2";
			developmentRegion = English;
			hasScannedForEncodings = 0;
			knownRegions = (
				en,
				Base,
			);
			mainGroup = 72B1D7D1197CB87200C9896B;
			productRefGroup = 72B1D7DB197CB87200C9896B /* Products */;
			projectDirPath = "";
			projectRoot = "";
			targets = (
				72B1D7D9197CB87200C9896B /* DevilPrint */,
				72B1D7FD197CB87200C9896B /* DevilPrintTests */,
			);
		};
/* End PBXProject section */

/* Begin PBXResourcesBuildPhase section */
		72B1D7D8197CB87200C9896B /* Resources */ = {
			isa = PBXResourcesBuildPhase;
			buildActionMask = 2147483647;
			files = (
				720300E4198DFAF4004ED72D /* slider-default7-handle.png in Resources */,
				720300F1198DFAF4004ED72D /* slider-metal-track@2x.png in Resources */,
				720300EE198DFAF4004ED72D /* slider-metal-handle.png in Resources */,
				720300E8198DFAF4004ED72D /* slider-default7-trackBackground.png in Resources */,
				720300E5198DFAF4004ED72D /* slider-default7-handle@2x.png in Resources */,
				720300F0198DFAF4004ED72D /* slider-metal-track.png in Resources */,
				72B1D7F4197CB87200C9896B /* Main_iPad.storyboard in Resources */,
				720300DB198DFAF4004ED72D /* slider-default-handle-highlighted@2x.png in Resources */,
				720300DA198DFAF4004ED72D /* slider-default-handle-highlighted.png in Resources */,
				720300DF198DFAF4004ED72D /* slider-default-track@2x.png in Resources */,
				72B1D7F9197CB87200C9896B /* Images.xcassets in Resources */,
				720300E7198DFAF4004ED72D /* slider-default7-track@2x.png in Resources */,
				720300EB198DFAF4004ED72D /* slider-default7-trackCrossedOver@2x.png in Resources */,
				720300F3198DFAF4004ED72D /* slider-metal-trackBackground@2x.png in Resources */,
				720300F2198DFAF4004ED72D /* slider-metal-trackBackground.png in Resources */,
				7202F563198B54EA00A45421 /* DPRPrintSheet.xib in Resources */,
				720300E6198DFAF4004ED72D /* slider-default7-track.png in Resources */,
				720300E9198DFAF4004ED72D /* slider-default7-trackBackground@2x.png in Resources */,
				720300DC198DFAF4004ED72D /* slider-default-handle.png in Resources */,
				72B1D7F1197CB87200C9896B /* Main_iPhone.storyboard in Resources */,
				720300E1198DFAF4004ED72D /* slider-default-trackCrossedOver.png in Resources */,
				720300E0198DFAF4004ED72D /* slider-default-trackBackground.png in Resources */,
				720300EC198DFAF4004ED72D /* slider-metal-handle-highlighted.png in Resources */,
				720300DD198DFAF4004ED72D /* slider-default-handle@2x.png in Resources */,
				720300ED198DFAF4004ED72D /* slider-metal-handle-highlighted@2x.png in Resources */,
				720300E3198DFAF4004ED72D /* slider-default_trackBackground@2x.png in Resources */,
				720300DE198DFAF4004ED72D /* slider-default-track.png in Resources */,
				720300EF198DFAF4004ED72D /* slider-metal-handle@2x.png in Resources */,
				72B1D7E8197CB87200C9896B /* InfoPlist.strings in Resources */,
				720300E2198DFAF4004ED72D /* slider-default-trackCrossedOver@2x.png in Resources */,
				720300EA198DFAF4004ED72D /* slider-default7-trackCrossedOver.png in Resources */,
			);
			runOnlyForDeploymentPostprocessing = 0;
		};
		72B1D7FC197CB87200C9896B /* Resources */ = {
			isa = PBXResourcesBuildPhase;
			buildActionMask = 2147483647;
			files = (
				72B1D80A197CB87200C9896B /* InfoPlist.strings in Resources */,
			);
			runOnlyForDeploymentPostprocessing = 0;
		};
/* End PBXResourcesBuildPhase section */

/* Begin PBXSourcesBuildPhase section */
		72B1D7D6197CB87200C9896B /* Sources */ = {
			isa = PBXSourcesBuildPhase;
			buildActionMask = 2147483647;
			files = (
				7202F74B198B563A00A45421 /* AFURLConnectionOperation.m in Sources */,
				72B1D7EA197CB87200C9896B /* main.m in Sources */,
				720300B9198DFA45004ED72D /* FXBlurView.m in Sources */,
				7202F74A198B563A00A45421 /* AFSecurityPolicy.m in Sources */,
				728752E8197F5C6E00C42F4A /* DPRPrinterTableViewCell.m in Sources */,
				7202F747198B563A00A45421 /* AFHTTPRequestOperationManager.m in Sources */,
				72B1D7EE197CB87200C9896B /* DPRAppDelegate.m in Sources */,
				72B1D93A197CCBF300C9896B /* DPRStatus.m in Sources */,
				7202F561198B3E3B00A45421 /* DPRFileCollectionViewCell.m in Sources */,
				72B1D81A197CBAA800C9896B /* DPRDataModel.m in Sources */,
				72B1D934197CC00700C9896B /* DPRPrinter.m in Sources */,
				7202F74E198B563A00A45421 /* AFURLSessionManager.m in Sources */,
				7202F74D198B563A00A45421 /* AFURLResponseSerialization.m in Sources */,
				7250427719A0441E005BE571 /* DPRUrlCollectionViewCell.m in Sources */,
				720300F8198E0447004ED72D /* JSONResponseSerializerWithData.m in Sources */,
				7296AF0C197DFF0D00841057 /* DPRPrintManager.m in Sources */,
				72B1D7F7197CB87200C9896B /* DPRViewController.m in Sources */,
				7202F74C198B563A00A45421 /* AFURLRequestSerialization.m in Sources */,
				720300F4198DFAF4004ED72D /* NMRangeSlider.m in Sources */,
				7202F749198B563A00A45421 /* AFNetworkReachabilityManager.m in Sources */,
				72B1D93D197CD47200C9896B /* DPRSite.m in Sources */,
				7202F746198B563A00A45421 /* AFHTTPRequestOperation.m in Sources */,
				7202F748198B563A00A45421 /* AFHTTPSessionManager.m in Sources */,
				723362AC198F42C500DB1589 /* DPRPrintSheet.m in Sources */,
			);
			runOnlyForDeploymentPostprocessing = 0;
		};
		72B1D7FA197CB87200C9896B /* Sources */ = {
			isa = PBXSourcesBuildPhase;
			buildActionMask = 2147483647;
			files = (
				72B1D80C197CB87200C9896B /* DevilPrintTests.m in Sources */,
			);
			runOnlyForDeploymentPostprocessing = 0;
		};
/* End PBXSourcesBuildPhase section */

/* Begin PBXTargetDependency section */
		72B1D804197CB87200C9896B /* PBXTargetDependency */ = {
			isa = PBXTargetDependency;
			target = 72B1D7D9197CB87200C9896B /* DevilPrint */;
			targetProxy = 72B1D803197CB87200C9896B /* PBXContainerItemProxy */;
		};
/* End PBXTargetDependency section */

/* Begin PBXVariantGroup section */
		72B1D7E6197CB87200C9896B /* InfoPlist.strings */ = {
			isa = PBXVariantGroup;
			children = (
				72B1D7E7197CB87200C9896B /* en */,
			);
			name = InfoPlist.strings;
			sourceTree = "<group>";
		};
		72B1D7EF197CB87200C9896B /* Main_iPhone.storyboard */ = {
			isa = PBXVariantGroup;
			children = (
				72B1D7F0197CB87200C9896B /* Base */,
			);
			name = Main_iPhone.storyboard;
			sourceTree = "<group>";
		};
		72B1D7F2197CB87200C9896B /* Main_iPad.storyboard */ = {
			isa = PBXVariantGroup;
			children = (
				72B1D7F3197CB87200C9896B /* Base */,
			);
			name = Main_iPad.storyboard;
			sourceTree = "<group>";
		};
		72B1D808197CB87200C9896B /* InfoPlist.strings */ = {
			isa = PBXVariantGroup;
			children = (
				72B1D809197CB87200C9896B /* en */,
			);
			name = InfoPlist.strings;
			sourceTree = "<group>";
		};
/* End PBXVariantGroup section */

/* Begin XCBuildConfiguration section */
		72B1D80D197CB87200C9896B /* Debug */ = {
			isa = XCBuildConfiguration;
			buildSettings = {
				ALWAYS_SEARCH_USER_PATHS = NO;
				CLANG_CXX_LANGUAGE_STANDARD = "gnu++0x";
				CLANG_CXX_LIBRARY = "libc++";
				CLANG_ENABLE_MODULES = YES;
				CLANG_ENABLE_OBJC_ARC = YES;
				CLANG_WARN_BOOL_CONVERSION = YES;
				CLANG_WARN_CONSTANT_CONVERSION = YES;
				CLANG_WARN_DIRECT_OBJC_ISA_USAGE = YES_ERROR;
				CLANG_WARN_EMPTY_BODY = YES;
				CLANG_WARN_ENUM_CONVERSION = YES;
				CLANG_WARN_INT_CONVERSION = YES;
				CLANG_WARN_OBJC_ROOT_CLASS = YES_ERROR;
				CLANG_WARN__DUPLICATE_METHOD_MATCH = YES;
				"CODE_SIGN_IDENTITY[sdk=iphoneos*]" = "iPhone Developer";
				COPY_PHASE_STRIP = NO;
				GCC_C_LANGUAGE_STANDARD = gnu99;
				GCC_DYNAMIC_NO_PIC = NO;
				GCC_OPTIMIZATION_LEVEL = 0;
				GCC_PREPROCESSOR_DEFINITIONS = (
					"DEBUG=1",
					"$(inherited)",
				);
				GCC_SYMBOLS_PRIVATE_EXTERN = NO;
				GCC_WARN_64_TO_32_BIT_CONVERSION = YES;
				GCC_WARN_ABOUT_RETURN_TYPE = YES_ERROR;
				GCC_WARN_UNDECLARED_SELECTOR = YES;
				GCC_WARN_UNINITIALIZED_AUTOS = YES_AGGRESSIVE;
				GCC_WARN_UNUSED_FUNCTION = YES;
				GCC_WARN_UNUSED_VARIABLE = YES;
				IPHONEOS_DEPLOYMENT_TARGET = 7.1;
				ONLY_ACTIVE_ARCH = YES;
				SDKROOT = iphoneos;
				TARGETED_DEVICE_FAMILY = "1,2";
			};
			name = Debug;
		};
		72B1D80E197CB87200C9896B /* Release */ = {
			isa = XCBuildConfiguration;
			buildSettings = {
				ALWAYS_SEARCH_USER_PATHS = NO;
				CLANG_CXX_LANGUAGE_STANDARD = "gnu++0x";
				CLANG_CXX_LIBRARY = "libc++";
				CLANG_ENABLE_MODULES = YES;
				CLANG_ENABLE_OBJC_ARC = YES;
				CLANG_WARN_BOOL_CONVERSION = YES;
				CLANG_WARN_CONSTANT_CONVERSION = YES;
				CLANG_WARN_DIRECT_OBJC_ISA_USAGE = YES_ERROR;
				CLANG_WARN_EMPTY_BODY = YES;
				CLANG_WARN_ENUM_CONVERSION = YES;
				CLANG_WARN_INT_CONVERSION = YES;
				CLANG_WARN_OBJC_ROOT_CLASS = YES_ERROR;
				CLANG_WARN__DUPLICATE_METHOD_MATCH = YES;
				"CODE_SIGN_IDENTITY[sdk=iphoneos*]" = "iPhone Developer";
				COPY_PHASE_STRIP = YES;
				ENABLE_NS_ASSERTIONS = NO;
				GCC_C_LANGUAGE_STANDARD = gnu99;
				GCC_WARN_64_TO_32_BIT_CONVERSION = YES;
				GCC_WARN_ABOUT_RETURN_TYPE = YES_ERROR;
				GCC_WARN_UNDECLARED_SELECTOR = YES;
				GCC_WARN_UNINITIALIZED_AUTOS = YES_AGGRESSIVE;
				GCC_WARN_UNUSED_FUNCTION = YES;
				GCC_WARN_UNUSED_VARIABLE = YES;
				IPHONEOS_DEPLOYMENT_TARGET = 7.1;
				SDKROOT = iphoneos;
				TARGETED_DEVICE_FAMILY = "1,2";
				VALIDATE_PRODUCT = YES;
			};
			name = Release;
		};
		72B1D810197CB87200C9896B /* Debug */ = {
			isa = XCBuildConfiguration;
			buildSettings = {
				ASSETCATALOG_COMPILER_APPICON_NAME = AppIcon;
				ASSETCATALOG_COMPILER_LAUNCHIMAGE_NAME = LaunchImage;
				GCC_PRECOMPILE_PREFIX_HEADER = YES;
				GCC_PREFIX_HEADER = "DevilPrint/DevilPrint-Prefix.pch";
				INFOPLIST_FILE = "DevilPrint/DevilPrint-Info.plist";
				LIBRARY_SEARCH_PATHS = (
					"$(inherited)",
					"$(PROJECT_DIR)/DevilPrint/Flurry",
				);
				PRODUCT_NAME = "$(TARGET_NAME)";
				WRAPPER_EXTENSION = app;
			};
			name = Debug;
		};
		72B1D811197CB87200C9896B /* Release */ = {
			isa = XCBuildConfiguration;
			buildSettings = {
				ASSETCATALOG_COMPILER_APPICON_NAME = AppIcon;
				ASSETCATALOG_COMPILER_LAUNCHIMAGE_NAME = LaunchImage;
				GCC_PRECOMPILE_PREFIX_HEADER = YES;
				GCC_PREFIX_HEADER = "DevilPrint/DevilPrint-Prefix.pch";
				INFOPLIST_FILE = "DevilPrint/DevilPrint-Info.plist";
				LIBRARY_SEARCH_PATHS = (
					"$(inherited)",
					"$(PROJECT_DIR)/DevilPrint/Flurry",
				);
				PRODUCT_NAME = "$(TARGET_NAME)";
				WRAPPER_EXTENSION = app;
			};
			name = Release;
		};
		72B1D813197CB87200C9896B /* Debug */ = {
			isa = XCBuildConfiguration;
			buildSettings = {
				BUNDLE_LOADER = "$(BUILT_PRODUCTS_DIR)/DevilPrint.app/DevilPrint";
				FRAMEWORK_SEARCH_PATHS = (
					"$(SDKROOT)/Developer/Library/Frameworks",
					"$(inherited)",
					"$(DEVELOPER_FRAMEWORKS_DIR)",
				);
				GCC_PRECOMPILE_PREFIX_HEADER = YES;
				GCC_PREFIX_HEADER = "DevilPrint/DevilPrint-Prefix.pch";
				GCC_PREPROCESSOR_DEFINITIONS = (
					"DEBUG=1",
					"$(inherited)",
				);
				INFOPLIST_FILE = "DevilPrintTests/DevilPrintTests-Info.plist";
				PRODUCT_NAME = "$(TARGET_NAME)";
				TEST_HOST = "$(BUNDLE_LOADER)";
				WRAPPER_EXTENSION = xctest;
			};
			name = Debug;
		};
		72B1D814197CB87200C9896B /* Release */ = {
			isa = XCBuildConfiguration;
			buildSettings = {
				BUNDLE_LOADER = "$(BUILT_PRODUCTS_DIR)/DevilPrint.app/DevilPrint";
				FRAMEWORK_SEARCH_PATHS = (
					"$(SDKROOT)/Developer/Library/Frameworks",
					"$(inherited)",
					"$(DEVELOPER_FRAMEWORKS_DIR)",
				);
				GCC_PRECOMPILE_PREFIX_HEADER = YES;
				GCC_PREFIX_HEADER = "DevilPrint/DevilPrint-Prefix.pch";
				INFOPLIST_FILE = "DevilPrintTests/DevilPrintTests-Info.plist";
				PRODUCT_NAME = "$(TARGET_NAME)";
				TEST_HOST = "$(BUNDLE_LOADER)";
				WRAPPER_EXTENSION = xctest;
			};
			name = Release;
		};
/* End XCBuildConfiguration section */

/* Begin XCConfigurationList section */
		72B1D7D5197CB87200C9896B /* Build configuration list for PBXProject "DevilPrint" */ = {
			isa = XCConfigurationList;
			buildConfigurations = (
				72B1D80D197CB87200C9896B /* Debug */,
				72B1D80E197CB87200C9896B /* Release */,
			);
			defaultConfigurationIsVisible = 0;
			defaultConfigurationName = Release;
		};
		72B1D80F197CB87200C9896B /* Build configuration list for PBXNativeTarget "DevilPrint" */ = {
			isa = XCConfigurationList;
			buildConfigurations = (
				72B1D810197CB87200C9896B /* Debug */,
				72B1D811197CB87200C9896B /* Release */,
			);
			defaultConfigurationIsVisible = 0;
			defaultConfigurationName = Release;
		};
		72B1D812197CB87200C9896B /* Build configuration list for PBXNativeTarget "DevilPrintTests" */ = {
			isa = XCConfigurationList;
			buildConfigurations = (
				72B1D813197CB87200C9896B /* Debug */,
				72B1D814197CB87200C9896B /* Release */,
			);
			defaultConfigurationIsVisible = 0;
			defaultConfigurationName = Release;
		};
/* End XCConfigurationList section */
	};
	rootObject = 72B1D7D2197CB87200C9896B /* Project object */;
}
